
Microsoft Visual Studio Solution File, Format Version 12.00
# Visual Studio Version 17
VisualStudioVersion = 17.13.35828.75
MinimumVisualStudioVersion = 10.0.40219.1
Project("{FAE04EC0-301F-11D3-BF4B-00C04F79EFBC}") = "PrimeNumberChecker", "PrimeNumberChecker\PrimeNumberChecker.csproj", "{C8DC2394-EE9A-4DFC-9CF2-B0AFB63D0EB1}"
EndProject
Project("{FAE04EC0-301F-11D3-BF4B-00C04F79EFBC}") = "LegendrePolynomials", "LegendrePolynomials\LegendrePolynomials.csproj", "{EAF48812-118E-417A-B67A-9F18E497227C}"
EndProject
Project("{FAE04EC0-301F-11D3-BF4B-00C04F79EFBC}") = "NumberSumCalculator", "NumberSumCalculator\NumberSumCalculator.csproj", "{8697837A-5A04-4C9D-A19A-E5D0FB7F447F}"
EndProject
Global
	GlobalSection(SolutionConfigurationPlatforms) = preSolution
		Debug|Any CPU = Debug|Any CPU
		Release|Any CPU = Release|Any CPU
	EndGlobalSection
	GlobalSection(ProjectConfigurationPlatforms) = postSolution
		{C8DC2394-EE9A-4DFC-9CF2-B0AFB63D0EB1}.Debug|Any CPU.ActiveCfg = Debug|Any CPU
		{C8DC2394-EE9A-4DFC-9CF2-B0AFB63D0EB1}.Debug|Any CPU.Build.0 = Debug|Any CPU
		{C8DC2394-EE9A-4DFC-9CF2-B0AFB63D0EB1}.Release|Any CPU.ActiveCfg = Release|Any CPU
		{C8DC2394-EE9A-4DFC-9CF2-B0AFB63D0EB1}.Release|Any CPU.Build.0 = Release|Any CPU
		{EAF48812-118E-417A-B67A-9F18E497227C}.Debug|Any CPU.ActiveCfg = Debug|Any CPU
		{EAF48812-118E-417A-B67A-9F18E497227C}.Debug|Any CPU.Build.0 = Debug|Any CPU
		{EAF48812-118E-417A-B67A-9F18E497227C}.Release|Any CPU.ActiveCfg = Release|Any CPU
		{EAF48812-118E-417A-B67A-9F18E497227C}.Release|Any CPU.Build.0 = Release|Any CPU
		{8697837A-5A04-4C9D-A19A-E5D0FB7F447F}.Debug|Any CPU.ActiveCfg = Debug|Any CPU
		{8697837A-5A04-4C9D-A19A-E5D0FB7F447F}.Debug|Any CPU.Build.0 = Debug|Any CPU
		{8697837A-5A04-4C9D-A19A-E5D0FB7F447F}.Release|Any CPU.ActiveCfg = Release|Any CPU
		{8697837A-5A04-4C9D-A19A-E5D0FB7F447F}.Release|Any CPU.Build.0 = Release|Any CPU
	EndGlobalSection
	GlobalSection(SolutionProperties) = preSolution
		HideSolutionNode = FALSE
	EndGlobalSection
	GlobalSection(ExtensibilityGlobals) = postSolution
		SolutionGuid = {2831A6DF-6390-45A5-B5BB-1F9FDE709E7A}
	EndGlobalSection
EndGlobal
